{
  "name": "jesse",
  "lockfileVersion": 3,
  "requires": true,
  "packages": {
    "": {
      "dependencies": {
        "@vectorize-io/vectorize-client": "^0.2.1"
      }
    },
    "node_modules/@vectorize-io/vectorize-client": {
      "version": "0.2.1",
      "resolved": "https://registry.npmjs.org/@vectorize-io/vectorize-client/-/vectorize-client-0.2.1.tgz",
      "integrity": "sha512-oLdX4+fRjT+QUd8smTd8G5WoOo6zfERlnegbHjgUW5uCme8niaNYVzOlmEkMPuTtb02yswOHUC1f3+UvnSUexA==",
      "hasInstallScript": true,
      "license": "MIT"
    }
  }
}
